
Microsoft Visual Studio Solution File, Format Version 12.00
# Visual Studio Version 17
VisualStudioVersion = 17.5.002.0
MinimumVisualStudioVersion = 10.0.40219.1
Project("{9A19103F-16F7-4668-BE54-9A1E7A4F7556}") = "InternetStore", "InternetStore.csproj", "{C92B8046-2A90-47C3-88E5-A1ECBD7962EF}"
EndProject
Global
	GlobalSection(SolutionConfigurationPlatforms) = preSolution
		Debug|Any CPU = Debug|Any CPU
		Release|Any CPU = Release|Any CPU
	EndGlobalSection
	GlobalSection(ProjectConfigurationPlatforms) = postSolution
		{C92B8046-2A90-47C3-88E5-A1ECBD7962EF}.Debug|Any CPU.ActiveCfg = Debug|Any CPU
		{C92B8046-2A90-47C3-88E5-A1ECBD7962EF}.Debug|Any CPU.Build.0 = Debug|Any CPU
		{C92B8046-2A90-47C3-88E5-A1ECBD7962EF}.Release|Any CPU.ActiveCfg = Release|Any CPU
		{C92B8046-2A90-47C3-88E5-A1ECBD7962EF}.Release|Any CPU.Build.0 = Release|Any CPU
	EndGlobalSection
	GlobalSection(SolutionProperties) = preSolution
		HideSolutionNode = FALSE
	EndGlobalSection
	GlobalSection(ExtensibilityGlobals) = postSolution
		SolutionGuid = {87C7EF7D-B17D-498C-AA49-950356F4A39C}
	EndGlobalSection
EndGlobal
